
Microsoft Visual Studio Solution File, Format Version 12.00
# Visual Studio 15
VisualStudioVersion = 15.0.27703.2026
MinimumVisualStudioVersion = 10.0.40219.1
Project("{FAE04EC0-301F-11D3-BF4B-00C04F79EFBC}") = "WebApp", "WebApp\WebApp.csproj", "{D9F764EC-4040-483F-B4E0-D13EE2334BB6}"
EndProject
Project("{FAE04EC0-301F-11D3-BF4B-00C04F79EFBC}") = "ChinookSystem", "ChinookSystem\ChinookSystem.csproj", "{128C1E25-52DB-4BF2-AA70-10F7ADE2F30A}"
EndProject
Project("{FAE04EC0-301F-11D3-BF4B-00C04F79EFBC}") = "ChinookSystem.Data", "ChinookSystem.Data\ChinookSystem.Data.csproj", "{1F1D588D-3190-4AEA-9F1B-768BB2AEDE95}"
EndProject
Global
	GlobalSection(SolutionConfigurationPlatforms) = preSolution
		Debug|Any CPU = Debug|Any CPU
		Release|Any CPU = Release|Any CPU
	EndGlobalSection
	GlobalSection(ProjectConfigurationPlatforms) = postSolution
		{D9F764EC-4040-483F-B4E0-D13EE2334BB6}.Debug|Any CPU.ActiveCfg = Debug|Any CPU
		{D9F764EC-4040-483F-B4E0-D13EE2334BB6}.Debug|Any CPU.Build.0 = Debug|Any CPU
		{D9F764EC-4040-483F-B4E0-D13EE2334BB6}.Release|Any CPU.ActiveCfg = Release|Any CPU
		{D9F764EC-4040-483F-B4E0-D13EE2334BB6}.Release|Any CPU.Build.0 = Release|Any CPU
		{128C1E25-52DB-4BF2-AA70-10F7ADE2F30A}.Debug|Any CPU.ActiveCfg = Debug|Any CPU
		{128C1E25-52DB-4BF2-AA70-10F7ADE2F30A}.Debug|Any CPU.Build.0 = Debug|Any CPU
		{128C1E25-52DB-4BF2-AA70-10F7ADE2F30A}.Release|Any CPU.ActiveCfg = Release|Any CPU
		{128C1E25-52DB-4BF2-AA70-10F7ADE2F30A}.Release|Any CPU.Build.0 = Release|Any CPU
		{1F1D588D-3190-4AEA-9F1B-768BB2AEDE95}.Debug|Any CPU.ActiveCfg = Debug|Any CPU
		{1F1D588D-3190-4AEA-9F1B-768BB2AEDE95}.Debug|Any CPU.Build.0 = Debug|Any CPU
		{1F1D588D-3190-4AEA-9F1B-768BB2AEDE95}.Release|Any CPU.ActiveCfg = Release|Any CPU
		{1F1D588D-3190-4AEA-9F1B-768BB2AEDE95}.Release|Any CPU.Build.0 = Release|Any CPU
	EndGlobalSection
	GlobalSection(SolutionProperties) = preSolution
		HideSolutionNode = FALSE
	EndGlobalSection
	GlobalSection(ExtensibilityGlobals) = postSolution
		SolutionGuid = {81EF421A-A837-4D49-93C7-97FB25C26D69}
	EndGlobalSection
EndGlobal
